// !$*UTF8*$!
{
	archiveVersion = 1;
	classes = {
	};
	objectVersion = 56;
	objects = {

/* Begin PBXBuildFile section */
		C96714CA2A7D329A0047A526 /* AppDelegate.swift in Sources */ = {isa = PBXBuildFile; fileRef = C96714C92A7D329A0047A526 /* AppDelegate.swift */; };
		C96714CC2A7D329A0047A526 /* SceneDelegate.swift in Sources */ = {isa = PBXBuildFile; fileRef = C96714CB2A7D329A0047A526 /* SceneDelegate.swift */; };
		C96714D32A7D329D0047A526 /* Assets.xcassets in Resources */ = {isa = PBXBuildFile; fileRef = C96714D22A7D329D0047A526 /* Assets.xcassets */; };
		C96714D62A7D329D0047A526 /* LaunchScreen.storyboard in Resources */ = {isa = PBXBuildFile; fileRef = C96714D42A7D329D0047A526 /* LaunchScreen.storyboard */; };
		C96714DE2A7D39F40047A526 /* String+Ext.swift in Sources */ = {isa = PBXBuildFile; fileRef = C96714DD2A7D39F40047A526 /* String+Ext.swift */; };
		C96714E12A7E6CA50047A526 /* SearchVC.swift in Sources */ = {isa = PBXBuildFile; fileRef = C96714E02A7E6CA50047A526 /* SearchVC.swift */; };
		C96714E32A7E6CB70047A526 /* FavoritesVC.swift in Sources */ = {isa = PBXBuildFile; fileRef = C96714E22A7E6CB70047A526 /* FavoritesVC.swift */; };
		C96714E62A7E76D80047A526 /* GFTextField.swift in Sources */ = {isa = PBXBuildFile; fileRef = C96714E52A7E76D80047A526 /* GFTextField.swift */; };
		C96714E82A7E77DC0047A526 /* GFButton.swift in Sources */ = {isa = PBXBuildFile; fileRef = C96714E72A7E77DC0047A526 /* GFButton.swift */; };
		C96714ED2A7EE2FC0047A526 /* FollowersListVC.swift in Sources */ = {isa = PBXBuildFile; fileRef = C96714EC2A7EE2FC0047A526 /* FollowersListVC.swift */; };
		C96714EF2A7FEF760047A526 /* GFTitleLabel.swift in Sources */ = {isa = PBXBuildFile; fileRef = C96714EE2A7FEF760047A526 /* GFTitleLabel.swift */; };
		C96714F12A7FEF800047A526 /* GFBodyLabel.swift in Sources */ = {isa = PBXBuildFile; fileRef = C96714F02A7FEF800047A526 /* GFBodyLabel.swift */; };
		C96714F32A7FF1720047A526 /* CustomAlertVC.swift in Sources */ = {isa = PBXBuildFile; fileRef = C96714F22A7FF1720047A526 /* CustomAlertVC.swift */; };
		C96714F52A7FFAD40047A526 /* UIViewController+Ext.swift in Sources */ = {isa = PBXBuildFile; fileRef = C96714F42A7FFAD30047A526 /* UIViewController+Ext.swift */; };
		C9C3F1F62A81372100241F16 /* Follower.swift in Sources */ = {isa = PBXBuildFile; fileRef = C9C3F1F52A81372100241F16 /* Follower.swift */; };
		C9C3F1F82A8138C400241F16 /* User.swift in Sources */ = {isa = PBXBuildFile; fileRef = C9C3F1F72A8138C400241F16 /* User.swift */; };
		C9C3F1FB2A813B7900241F16 /* NetworkManager.swift in Sources */ = {isa = PBXBuildFile; fileRef = C9C3F1FA2A813B7900241F16 /* NetworkManager.swift */; };
		C9C3F1FD2A81411200241F16 /* FollowersFetcher.swift in Sources */ = {isa = PBXBuildFile; fileRef = C9C3F1FC2A81411200241F16 /* FollowersFetcher.swift */; };
		C9C3F2002A82C17D00241F16 /* FollowerCell.swift in Sources */ = {isa = PBXBuildFile; fileRef = C9C3F1FF2A82C17D00241F16 /* FollowerCell.swift */; };
		C9C3F2022A82C1A500241F16 /* GFAvatarImageView.swift in Sources */ = {isa = PBXBuildFile; fileRef = C9C3F2012A82C1A500241F16 /* GFAvatarImageView.swift */; };
/* End PBXBuildFile section */

/* Begin PBXFileReference section */
		C96714C62A7D329A0047A526 /* GitHubFollowers.app */ = {isa = PBXFileReference; explicitFileType = wrapper.application; includeInIndex = 0; path = GitHubFollowers.app; sourceTree = BUILT_PRODUCTS_DIR; };
		C96714C92A7D329A0047A526 /* AppDelegate.swift */ = {isa = PBXFileReference; lastKnownFileType = sourcecode.swift; path = AppDelegate.swift; sourceTree = "<group>"; };
		C96714CB2A7D329A0047A526 /* SceneDelegate.swift */ = {isa = PBXFileReference; lastKnownFileType = sourcecode.swift; path = SceneDelegate.swift; sourceTree = "<group>"; };
		C96714D22A7D329D0047A526 /* Assets.xcassets */ = {isa = PBXFileReference; lastKnownFileType = folder.assetcatalog; path = Assets.xcassets; sourceTree = "<group>"; };
		C96714D52A7D329D0047A526 /* Base */ = {isa = PBXFileReference; lastKnownFileType = file.storyboard; name = Base; path = Base.lproj/LaunchScreen.storyboard; sourceTree = "<group>"; };
		C96714D72A7D329D0047A526 /* Info.plist */ = {isa = PBXFileReference; lastKnownFileType = text.plist.xml; path = Info.plist; sourceTree = "<group>"; };
		C96714DD2A7D39F40047A526 /* String+Ext.swift */ = {isa = PBXFileReference; fileEncoding = 4; lastKnownFileType = sourcecode.swift; path = "String+Ext.swift"; sourceTree = "<group>"; };
		C96714E02A7E6CA50047A526 /* SearchVC.swift */ = {isa = PBXFileReference; lastKnownFileType = sourcecode.swift; path = SearchVC.swift; sourceTree = "<group>"; };
		C96714E22A7E6CB70047A526 /* FavoritesVC.swift */ = {isa = PBXFileReference; lastKnownFileType = sourcecode.swift; path = FavoritesVC.swift; sourceTree = "<group>"; };
		C96714E52A7E76D80047A526 /* GFTextField.swift */ = {isa = PBXFileReference; lastKnownFileType = sourcecode.swift; path = GFTextField.swift; sourceTree = "<group>"; };
		C96714E72A7E77DC0047A526 /* GFButton.swift */ = {isa = PBXFileReference; lastKnownFileType = sourcecode.swift; path = GFButton.swift; sourceTree = "<group>"; };
		C96714EC2A7EE2FC0047A526 /* FollowersListVC.swift */ = {isa = PBXFileReference; lastKnownFileType = sourcecode.swift; path = FollowersListVC.swift; sourceTree = "<group>"; };
		C96714EE2A7FEF760047A526 /* GFTitleLabel.swift */ = {isa = PBXFileReference; lastKnownFileType = sourcecode.swift; path = GFTitleLabel.swift; sourceTree = "<group>"; };
		C96714F02A7FEF800047A526 /* GFBodyLabel.swift */ = {isa = PBXFileReference; lastKnownFileType = sourcecode.swift; path = GFBodyLabel.swift; sourceTree = "<group>"; };
		C96714F22A7FF1720047A526 /* CustomAlertVC.swift */ = {isa = PBXFileReference; lastKnownFileType = sourcecode.swift; path = CustomAlertVC.swift; sourceTree = "<group>"; };
		C96714F42A7FFAD30047A526 /* UIViewController+Ext.swift */ = {isa = PBXFileReference; lastKnownFileType = sourcecode.swift; path = "UIViewController+Ext.swift"; sourceTree = "<group>"; };
		C9C3F1F52A81372100241F16 /* Follower.swift */ = {isa = PBXFileReference; lastKnownFileType = sourcecode.swift; path = Follower.swift; sourceTree = "<group>"; };
		C9C3F1F72A8138C400241F16 /* User.swift */ = {isa = PBXFileReference; lastKnownFileType = sourcecode.swift; path = User.swift; sourceTree = "<group>"; };
		C9C3F1FA2A813B7900241F16 /* NetworkManager.swift */ = {isa = PBXFileReference; lastKnownFileType = sourcecode.swift; path = NetworkManager.swift; sourceTree = "<group>"; };
		C9C3F1FC2A81411200241F16 /* FollowersFetcher.swift */ = {isa = PBXFileReference; lastKnownFileType = sourcecode.swift; path = FollowersFetcher.swift; sourceTree = "<group>"; };
		C9C3F1FF2A82C17D00241F16 /* FollowerCell.swift */ = {isa = PBXFileReference; lastKnownFileType = sourcecode.swift; path = FollowerCell.swift; sourceTree = "<group>"; };
		C9C3F2012A82C1A500241F16 /* GFAvatarImageView.swift */ = {isa = PBXFileReference; lastKnownFileType = sourcecode.swift; path = GFAvatarImageView.swift; sourceTree = "<group>"; };
/* End PBXFileReference section */

/* Begin PBXFrameworksBuildPhase section */
		C96714C32A7D329A0047A526 /* Frameworks */ = {
			isa = PBXFrameworksBuildPhase;
			buildActionMask = 2147483647;
			files = (
			);
			runOnlyForDeploymentPostprocessing = 0;
		};
/* End PBXFrameworksBuildPhase section */

/* Begin PBXGroup section */
		C96714BD2A7D329A0047A526 = {
			isa = PBXGroup;
			children = (
				C96714C82A7D329A0047A526 /* GitHubFollowers */,
				C96714C72A7D329A0047A526 /* Products */,
			);
			sourceTree = "<group>";
		};
		C96714C72A7D329A0047A526 /* Products */ = {
			isa = PBXGroup;
			children = (
				C96714C62A7D329A0047A526 /* GitHubFollowers.app */,
			);
			name = Products;
			sourceTree = "<group>";
		};
		C96714C82A7D329A0047A526 /* GitHubFollowers */ = {
			isa = PBXGroup;
			children = (
				C96714C92A7D329A0047A526 /* AppDelegate.swift */,
				C96714CB2A7D329A0047A526 /* SceneDelegate.swift */,
				C9C3F1F92A813B5400241F16 /* Networking */,
				C9C3F1F42A81345100241F16 /* Models */,
				C9C3F1F32A81327600241F16 /* Extensions */,
				C96714EB2A7EDAFB0047A526 /* Screens */,
				C96714E42A7E76BC0047A526 /* ViewComponents */,
				C96714D22A7D329D0047A526 /* Assets.xcassets */,
				C96714D42A7D329D0047A526 /* LaunchScreen.storyboard */,
				C96714D72A7D329D0047A526 /* Info.plist */,
			);
			path = GitHubFollowers;
			sourceTree = "<group>";
		};
		C96714E42A7E76BC0047A526 /* ViewComponents */ = {
			isa = PBXGroup;
			children = (
				C9C3F1FE2A82C14500241F16 /* Cells */,
				C9C3F2012A82C1A500241F16 /* GFAvatarImageView.swift */,
				C96714F22A7FF1720047A526 /* CustomAlertVC.swift */,
				C96714EE2A7FEF760047A526 /* GFTitleLabel.swift */,
				C96714F02A7FEF800047A526 /* GFBodyLabel.swift */,
				C96714E52A7E76D80047A526 /* GFTextField.swift */,
				C96714E72A7E77DC0047A526 /* GFButton.swift */,
			);
			path = ViewComponents;
			sourceTree = "<group>";
		};
		C96714EB2A7EDAFB0047A526 /* Screens */ = {
			isa = PBXGroup;
			children = (
				C96714E02A7E6CA50047A526 /* SearchVC.swift */,
				C96714EC2A7EE2FC0047A526 /* FollowersListVC.swift */,
				C96714E22A7E6CB70047A526 /* FavoritesVC.swift */,
			);
			path = Screens;
			sourceTree = "<group>";
		};
		C9C3F1F32A81327600241F16 /* Extensions */ = {
			isa = PBXGroup;
			children = (
				C96714DD2A7D39F40047A526 /* String+Ext.swift */,
				C96714F42A7FFAD30047A526 /* UIViewController+Ext.swift */,
			);
			path = Extensions;
			sourceTree = "<group>";
		};
		C9C3F1F42A81345100241F16 /* Models */ = {
			isa = PBXGroup;
			children = (
				C9C3F1F52A81372100241F16 /* Follower.swift */,
				C9C3F1F72A8138C400241F16 /* User.swift */,
			);
			path = Models;
			sourceTree = "<group>";
		};
		C9C3F1F92A813B5400241F16 /* Networking */ = {
			isa = PBXGroup;
			children = (
				C9C3F1FA2A813B7900241F16 /* NetworkManager.swift */,
				C9C3F1FC2A81411200241F16 /* FollowersFetcher.swift */,
			);
			path = Networking;
			sourceTree = "<group>";
		};
		C9C3F1FE2A82C14500241F16 /* Cells */ = {
			isa = PBXGroup;
			children = (
				C9C3F1FF2A82C17D00241F16 /* FollowerCell.swift */,
			);
			path = Cells;
			sourceTree = "<group>";
		};
/* End PBXGroup section */

/* Begin PBXNativeTarget section */
		C96714C52A7D329A0047A526 /* GitHubFollowers */ = {
			isa = PBXNativeTarget;
			buildConfigurationList = C96714DA2A7D329D0047A526 /* Build configuration list for PBXNativeTarget "GitHubFollowers" */;
			buildPhases = (
				C96714C22A7D329A0047A526 /* Sources */,
				C96714C32A7D329A0047A526 /* Frameworks */,
				C96714C42A7D329A0047A526 /* Resources */,
			);
			buildRules = (
			);
			dependencies = (
			);
			name = GitHubFollowers;
			productName = GitHubFollowers;
			productReference = C96714C62A7D329A0047A526 /* GitHubFollowers.app */;
			productType = "com.apple.product-type.application";
		};
/* End PBXNativeTarget section */

/* Begin PBXProject section */
		C96714BE2A7D329A0047A526 /* Project object */ = {
			isa = PBXProject;
			attributes = {
				BuildIndependentTargetsInParallel = 1;
				LastSwiftUpdateCheck = 1430;
				LastUpgradeCheck = 1430;
				TargetAttributes = {
					C96714C52A7D329A0047A526 = {
						CreatedOnToolsVersion = 14.3.1;
					};
				};
			};
			buildConfigurationList = C96714C12A7D329A0047A526 /* Build configuration list for PBXProject "GitHubFollowers" */;
			compatibilityVersion = "Xcode 14.0";
			developmentRegion = en;
			hasScannedForEncodings = 0;
			knownRegions = (
				en,
				Base,
			);
			mainGroup = C96714BD2A7D329A0047A526;
			productRefGroup = C96714C72A7D329A0047A526 /* Products */;
			projectDirPath = "";
			projectRoot = "";
			targets = (
				C96714C52A7D329A0047A526 /* GitHubFollowers */,
			);
		};
/* End PBXProject section */

/* Begin PBXResourcesBuildPhase section */
		C96714C42A7D329A0047A526 /* Resources */ = {
			isa = PBXResourcesBuildPhase;
			buildActionMask = 2147483647;
			files = (
				C96714D62A7D329D0047A526 /* LaunchScreen.storyboard in Resources */,
				C96714D32A7D329D0047A526 /* Assets.xcassets in Resources */,
			);
			runOnlyForDeploymentPostprocessing = 0;
		};
/* End PBXResourcesBuildPhase section */

/* Begin PBXSourcesBuildPhase section */
		C96714C22A7D329A0047A526 /* Sources */ = {
			isa = PBXSourcesBuildPhase;
			buildActionMask = 2147483647;
			files = (
				C96714E62A7E76D80047A526 /* GFTextField.swift in Sources */,
				C96714E32A7E6CB70047A526 /* FavoritesVC.swift in Sources */,
				C96714F52A7FFAD40047A526 /* UIViewController+Ext.swift in Sources */,
				C96714ED2A7EE2FC0047A526 /* FollowersListVC.swift in Sources */,
				C96714E12A7E6CA50047A526 /* SearchVC.swift in Sources */,
				C96714E82A7E77DC0047A526 /* GFButton.swift in Sources */,
				C9C3F1F82A8138C400241F16 /* User.swift in Sources */,
				C9C3F2002A82C17D00241F16 /* FollowerCell.swift in Sources */,
				C9C3F2022A82C1A500241F16 /* GFAvatarImageView.swift in Sources */,
				C96714DE2A7D39F40047A526 /* String+Ext.swift in Sources */,
				C9C3F1F62A81372100241F16 /* Follower.swift in Sources */,
				C96714EF2A7FEF760047A526 /* GFTitleLabel.swift in Sources */,
				C96714CA2A7D329A0047A526 /* AppDelegate.swift in Sources */,
				C96714F32A7FF1720047A526 /* CustomAlertVC.swift in Sources */,
				C9C3F1FB2A813B7900241F16 /* NetworkManager.swift in Sources */,
				C96714CC2A7D329A0047A526 /* SceneDelegate.swift in Sources */,
				C96714F12A7FEF800047A526 /* GFBodyLabel.swift in Sources */,
				C9C3F1FD2A81411200241F16 /* FollowersFetcher.swift in Sources */,
			);
			runOnlyForDeploymentPostprocessing = 0;
		};
/* End PBXSourcesBuildPhase section */

/* Begin PBXVariantGroup section */
		C96714D42A7D329D0047A526 /* LaunchScreen.storyboard */ = {
			isa = PBXVariantGroup;
			children = (
				C96714D52A7D329D0047A526 /* Base */,
			);
			name = LaunchScreen.storyboard;
			sourceTree = "<group>";
		};
/* End PBXVariantGroup section */

/* Begin XCBuildConfiguration section */
		C96714D82A7D329D0047A526 /* Debug */ = {
			isa = XCBuildConfiguration;
			buildSettings = {
				ALWAYS_SEARCH_USER_PATHS = NO;
				CLANG_ANALYZER_NONNULL = YES;
				CLANG_ANALYZER_NUMBER_OBJECT_CONVERSION = YES_AGGRESSIVE;
				CLANG_CXX_LANGUAGE_STANDARD = "gnu++20";
				CLANG_ENABLE_MODULES = YES;
				CLANG_ENABLE_OBJC_ARC = YES;
				CLANG_ENABLE_OBJC_WEAK = YES;
				CLANG_WARN_BLOCK_CAPTURE_AUTORELEASING = YES;
				CLANG_WARN_BOOL_CONVERSION = YES;
				CLANG_WARN_COMMA = YES;
				CLANG_WARN_CONSTANT_CONVERSION = YES;
				CLANG_WARN_DEPRECATED_OBJC_IMPLEMENTATIONS = YES;
				CLANG_WARN_DIRECT_OBJC_ISA_USAGE = YES_ERROR;
				CLANG_WARN_DOCUMENTATION_COMMENTS = YES;
				CLANG_WARN_EMPTY_BODY = YES;
				CLANG_WARN_ENUM_CONVERSION = YES;
				CLANG_WARN_INFINITE_RECURSION = YES;
				CLANG_WARN_INT_CONVERSION = YES;
				CLANG_WARN_NON_LITERAL_NULL_CONVERSION = YES;
				CLANG_WARN_OBJC_IMPLICIT_RETAIN_SELF = YES;
				CLANG_WARN_OBJC_LITERAL_CONVERSION = YES;
				CLANG_WARN_OBJC_ROOT_CLASS = YES_ERROR;
				CLANG_WARN_QUOTED_INCLUDE_IN_FRAMEWORK_HEADER = YES;
				CLANG_WARN_RANGE_LOOP_ANALYSIS = YES;
				CLANG_WARN_STRICT_PROTOTYPES = YES;
				CLANG_WARN_SUSPICIOUS_MOVE = YES;
				CLANG_WARN_UNGUARDED_AVAILABILITY = YES_AGGRESSIVE;
				CLANG_WARN_UNREACHABLE_CODE = YES;
				CLANG_WARN__DUPLICATE_METHOD_MATCH = YES;
				COPY_PHASE_STRIP = NO;
				DEBUG_INFORMATION_FORMAT = dwarf;
				ENABLE_STRICT_OBJC_MSGSEND = YES;
				ENABLE_TESTABILITY = YES;
				GCC_C_LANGUAGE_STANDARD = gnu11;
				GCC_DYNAMIC_NO_PIC = NO;
				GCC_NO_COMMON_BLOCKS = YES;
				GCC_OPTIMIZATION_LEVEL = 0;
				GCC_PREPROCESSOR_DEFINITIONS = (
					"DEBUG=1",
					"$(inherited)",
				);
				GCC_WARN_64_TO_32_BIT_CONVERSION = YES;
				GCC_WARN_ABOUT_RETURN_TYPE = YES_ERROR;
				GCC_WARN_UNDECLARED_SELECTOR = YES;
				GCC_WARN_UNINITIALIZED_AUTOS = YES_AGGRESSIVE;
				GCC_WARN_UNUSED_FUNCTION = YES;
				GCC_WARN_UNUSED_VARIABLE = YES;
				IPHONEOS_DEPLOYMENT_TARGET = 13.2;
				MTL_ENABLE_DEBUG_INFO = INCLUDE_SOURCE;
				MTL_FAST_MATH = YES;
				ONLY_ACTIVE_ARCH = YES;
				SDKROOT = iphoneos;
				SWIFT_ACTIVE_COMPILATION_CONDITIONS = DEBUG;
				SWIFT_OPTIMIZATION_LEVEL = "-Onone";
			};
			name = Debug;
		};
		C96714D92A7D329D0047A526 /* Release */ = {
			isa = XCBuildConfiguration;
			buildSettings = {
				ALWAYS_SEARCH_USER_PATHS = NO;
				CLANG_ANALYZER_NONNULL = YES;
				CLANG_ANALYZER_NUMBER_OBJECT_CONVERSION = YES_AGGRESSIVE;
				CLANG_CXX_LANGUAGE_STANDARD = "gnu++20";
				CLANG_ENABLE_MODULES = YES;
				CLANG_ENABLE_OBJC_ARC = YES;
				CLANG_ENABLE_OBJC_WEAK = YES;
				CLANG_WARN_BLOCK_CAPTURE_AUTORELEASING = YES;
				CLANG_WARN_BOOL_CONVERSION = YES;
				CLANG_WARN_COMMA = YES;
				CLANG_WARN_CONSTANT_CONVERSION = YES;
				CLANG_WARN_DEPRECATED_OBJC_IMPLEMENTATIONS = YES;
				CLANG_WARN_DIRECT_OBJC_ISA_USAGE = YES_ERROR;
				CLANG_WARN_DOCUMENTATION_COMMENTS = YES;
				CLANG_WARN_EMPTY_BODY = YES;
				CLANG_WARN_ENUM_CONVERSION = YES;
				CLANG_WARN_INFINITE_RECURSION = YES;
				CLANG_WARN_INT_CONVERSION = YES;
				CLANG_WARN_NON_LITERAL_NULL_CONVERSION = YES;
				CLANG_WARN_OBJC_IMPLICIT_RETAIN_SELF = YES;
				CLANG_WARN_OBJC_LITERAL_CONVERSION = YES;
				CLANG_WARN_OBJC_ROOT_CLASS = YES_ERROR;
				CLANG_WARN_QUOTED_INCLUDE_IN_FRAMEWORK_HEADER = YES;
				CLANG_WARN_RANGE_LOOP_ANALYSIS = YES;
				CLANG_WARN_STRICT_PROTOTYPES = YES;
				CLANG_WARN_SUSPICIOUS_MOVE = YES;
				CLANG_WARN_UNGUARDED_AVAILABILITY = YES_AGGRESSIVE;
				CLANG_WARN_UNREACHABLE_CODE = YES;
				CLANG_WARN__DUPLICATE_METHOD_MATCH = YES;
				COPY_PHASE_STRIP = NO;
				DEBUG_INFORMATION_FORMAT = "dwarf-with-dsym";
				ENABLE_NS_ASSERTIONS = NO;
				ENABLE_STRICT_OBJC_MSGSEND = YES;
				GCC_C_LANGUAGE_STANDARD = gnu11;
				GCC_NO_COMMON_BLOCKS = YES;
				GCC_WARN_64_TO_32_BIT_CONVERSION = YES;
				GCC_WARN_ABOUT_RETURN_TYPE = YES_ERROR;
				GCC_WARN_UNDECLARED_SELECTOR = YES;
				GCC_WARN_UNINITIALIZED_AUTOS = YES_AGGRESSIVE;
				GCC_WARN_UNUSED_FUNCTION = YES;
				GCC_WARN_UNUSED_VARIABLE = YES;
				IPHONEOS_DEPLOYMENT_TARGET = 13.2;
				MTL_ENABLE_DEBUG_INFO = NO;
				MTL_FAST_MATH = YES;
				SDKROOT = iphoneos;
				SWIFT_COMPILATION_MODE = wholemodule;
				SWIFT_OPTIMIZATION_LEVEL = "-O";
				VALIDATE_PRODUCT = YES;
			};
			name = Release;
		};
		C96714DB2A7D329D0047A526 /* Debug */ = {
			isa = XCBuildConfiguration;
			buildSettings = {
				ASSETCATALOG_COMPILER_APPICON_NAME = AppIcon;
				ASSETCATALOG_COMPILER_GLOBAL_ACCENT_COLOR_NAME = AccentColor;
				CODE_SIGN_STYLE = Automatic;
				CURRENT_PROJECT_VERSION = 1;
				DEVELOPMENT_TEAM = G8MSA22VSU;
				GENERATE_INFOPLIST_FILE = YES;
				INFOPLIST_FILE = GitHubFollowers/Info.plist;
				INFOPLIST_KEY_UIApplicationSupportsIndirectInputEvents = YES;
				INFOPLIST_KEY_UILaunchStoryboardName = LaunchScreen;
				INFOPLIST_KEY_UISupportedInterfaceOrientations = UIInterfaceOrientationPortrait;
				INFOPLIST_KEY_UISupportedInterfaceOrientations_iPad = "UIInterfaceOrientationLandscapeLeft UIInterfaceOrientationLandscapeRight UIInterfaceOrientationPortrait UIInterfaceOrientationPortraitUpsideDown";
				IPHONEOS_DEPLOYMENT_TARGET = 13.2;
				LD_RUNPATH_SEARCH_PATHS = (
					"$(inherited)",
					"@executable_path/Frameworks",
				);
				MARKETING_VERSION = 1.0;
				PRODUCT_BUNDLE_IDENTIFIER = com.alpaycalalli.GitHubFollowers;
				PRODUCT_NAME = "$(TARGET_NAME)";
				SWIFT_EMIT_LOC_STRINGS = YES;
				SWIFT_VERSION = 5.0;
				TARGETED_DEVICE_FAMILY = "1,2";
			};
			name = Debug;
		};
		C96714DC2A7D329D0047A526 /* Release */ = {
			isa = XCBuildConfiguration;
			buildSettings = {
				ASSETCATALOG_COMPILER_APPICON_NAME = AppIcon;
				ASSETCATALOG_COMPILER_GLOBAL_ACCENT_COLOR_NAME = AccentColor;
				CODE_SIGN_STYLE = Automatic;
				CURRENT_PROJECT_VERSION = 1;
				DEVELOPMENT_TEAM = G8MSA22VSU;
				GENERATE_INFOPLIST_FILE = YES;
				INFOPLIST_FILE = GitHubFollowers/Info.plist;
				INFOPLIST_KEY_UIApplicationSupportsIndirectInputEvents = YES;
				INFOPLIST_KEY_UILaunchStoryboardName = LaunchScreen;
				INFOPLIST_KEY_UISupportedInterfaceOrientations = UIInterfaceOrientationPortrait;
				INFOPLIST_KEY_UISupportedInterfaceOrientations_iPad = "UIInterfaceOrientationLandscapeLeft UIInterfaceOrientationLandscapeRight UIInterfaceOrientationPortrait UIInterfaceOrientationPortraitUpsideDown";
				IPHONEOS_DEPLOYMENT_TARGET = 13.2;
				LD_RUNPATH_SEARCH_PATHS = (
					"$(inherited)",
					"@executable_path/Frameworks",
				);
				MARKETING_VERSION = 1.0;
				PRODUCT_BUNDLE_IDENTIFIER = com.alpaycalalli.GitHubFollowers;
				PRODUCT_NAME = "$(TARGET_NAME)";
				SWIFT_EMIT_LOC_STRINGS = YES;
				SWIFT_VERSION = 5.0;
				TARGETED_DEVICE_FAMILY = "1,2";
			};
			name = Release;
		};
/* End XCBuildConfiguration section */

/* Begin XCConfigurationList section */
		C96714C12A7D329A0047A526 /* Build configuration list for PBXProject "GitHubFollowers" */ = {
			isa = XCConfigurationList;
			buildConfigurations = (
				C96714D82A7D329D0047A526 /* Debug */,
				C96714D92A7D329D0047A526 /* Release */,
			);
			defaultConfigurationIsVisible = 0;
			defaultConfigurationName = Release;
		};
		C96714DA2A7D329D0047A526 /* Build configuration list for PBXNativeTarget "GitHubFollowers" */ = {
			isa = XCConfigurationList;
			buildConfigurations = (
				C96714DB2A7D329D0047A526 /* Debug */,
				C96714DC2A7D329D0047A526 /* Release */,
			);
			defaultConfigurationIsVisible = 0;
			defaultConfigurationName = Release;
		};
/* End XCConfigurationList section */
	};
	rootObject = C96714BE2A7D329A0047A526 /* Project object */;
}
